
Microsoft Visual Studio Solution File, Format Version 12.00
# Visual Studio Version 17
VisualStudioVersion = 17.5.33414.496
MinimumVisualStudioVersion = 10.0.40219.1
Project("{FAE04EC0-301F-11D3-BF4B-00C04F79EFBC}") = "HomeWork12", "HomeWork12\HomeWork12.csproj", "{1DD39647-FFA4-4654-8FB0-42A7246BBF49}"
EndProject
Global
	GlobalSection(SolutionConfigurationPlatforms) = preSolution
		Debug|Any CPU = Debug|Any CPU
		Release|Any CPU = Release|Any CPU
	EndGlobalSection
	GlobalSection(ProjectConfigurationPlatforms) = postSolution
		{1DD39647-FFA4-4654-8FB0-42A7246BBF49}.Debug|Any CPU.ActiveCfg = Debug|Any CPU
		{1DD39647-FFA4-4654-8FB0-42A7246BBF49}.Debug|Any CPU.Build.0 = Debug|Any CPU
		{1DD39647-FFA4-4654-8FB0-42A7246BBF49}.Release|Any CPU.ActiveCfg = Release|Any CPU
		{1DD39647-FFA4-4654-8FB0-42A7246BBF49}.Release|Any CPU.Build.0 = Release|Any CPU
	EndGlobalSection
	GlobalSection(SolutionProperties) = preSolution
		HideSolutionNode = FALSE
	EndGlobalSection
	GlobalSection(ExtensibilityGlobals) = postSolution
		SolutionGuid = {D95B2830-DD95-4E7A-97AB-3D91DFC7CB87}
	EndGlobalSection
EndGlobal
